
Microsoft Visual Studio Solution File, Format Version 12.00
# Visual Studio Version 16
VisualStudioVersion = 16.0.30114.105
MinimumVisualStudioVersion = 10.0.40219.1
Project("{FAE04EC0-301F-11D3-BF4B-00C04F79EFBC}") = "obliDA.HttpApi", "obliDA.HttpApi\obliDA.HttpApi.csproj", "{20E3619C-6E8D-4613-B5AF-8341EA525DFA}"
EndProject
Project("{FAE04EC0-301F-11D3-BF4B-00C04F79EFBC}") = "ObliDA.EntityFrameworkCore", "obliDA.EntityFrameworkCore\ObliDA.EntityFrameworkCore.csproj", "{22BD6942-2378-436F-90BF-B7A22FB9C723}"
EndProject
Project("{FAE04EC0-301F-11D3-BF4B-00C04F79EFBC}") = "ObliDA.Application", "obliDA.Application\ObliDA.Application.csproj", "{EE1C9651-A2D0-443C-A28D-3F44B9CA8EEC}"
EndProject
Project("{FAE04EC0-301F-11D3-BF4B-00C04F79EFBC}") = "ObliDA.Domain", "obliDA.Domain\ObliDA.Domain.csproj", "{C7141134-5BBC-4593-875F-E2F826D3CF9C}"
EndProject
Project("{FAE04EC0-301F-11D3-BF4B-00C04F79EFBC}") = "Moodle.BusinessLogic.Test", "Moodle.Businesslogic.test\Moodle.BusinessLogic.Test.csproj", "{1E58454A-4D39-4637-8996-8E63968D4EFD}"
EndProject
Global
	GlobalSection(SolutionConfigurationPlatforms) = preSolution
		Debug|Any CPU = Debug|Any CPU
		Debug|x64 = Debug|x64
		Debug|x86 = Debug|x86
		Release|Any CPU = Release|Any CPU
		Release|x64 = Release|x64
		Release|x86 = Release|x86
	EndGlobalSection
	GlobalSection(SolutionProperties) = preSolution
		HideSolutionNode = FALSE
	EndGlobalSection
	GlobalSection(ProjectConfigurationPlatforms) = postSolution
		{20E3619C-6E8D-4613-B5AF-8341EA525DFA}.Debug|Any CPU.ActiveCfg = Debug|Any CPU
		{20E3619C-6E8D-4613-B5AF-8341EA525DFA}.Debug|Any CPU.Build.0 = Debug|Any CPU
		{20E3619C-6E8D-4613-B5AF-8341EA525DFA}.Debug|x64.ActiveCfg = Debug|Any CPU
		{20E3619C-6E8D-4613-B5AF-8341EA525DFA}.Debug|x64.Build.0 = Debug|Any CPU
		{20E3619C-6E8D-4613-B5AF-8341EA525DFA}.Debug|x86.ActiveCfg = Debug|Any CPU
		{20E3619C-6E8D-4613-B5AF-8341EA525DFA}.Debug|x86.Build.0 = Debug|Any CPU
		{20E3619C-6E8D-4613-B5AF-8341EA525DFA}.Release|Any CPU.ActiveCfg = Release|Any CPU
		{20E3619C-6E8D-4613-B5AF-8341EA525DFA}.Release|Any CPU.Build.0 = Release|Any CPU
		{20E3619C-6E8D-4613-B5AF-8341EA525DFA}.Release|x64.ActiveCfg = Release|Any CPU
		{20E3619C-6E8D-4613-B5AF-8341EA525DFA}.Release|x64.Build.0 = Release|Any CPU
		{20E3619C-6E8D-4613-B5AF-8341EA525DFA}.Release|x86.ActiveCfg = Release|Any CPU
		{20E3619C-6E8D-4613-B5AF-8341EA525DFA}.Release|x86.Build.0 = Release|Any CPU
		{22BD6942-2378-436F-90BF-B7A22FB9C723}.Debug|Any CPU.ActiveCfg = Debug|Any CPU
		{22BD6942-2378-436F-90BF-B7A22FB9C723}.Debug|Any CPU.Build.0 = Debug|Any CPU
		{22BD6942-2378-436F-90BF-B7A22FB9C723}.Debug|x64.ActiveCfg = Debug|Any CPU
		{22BD6942-2378-436F-90BF-B7A22FB9C723}.Debug|x64.Build.0 = Debug|Any CPU
		{22BD6942-2378-436F-90BF-B7A22FB9C723}.Debug|x86.ActiveCfg = Debug|Any CPU
		{22BD6942-2378-436F-90BF-B7A22FB9C723}.Debug|x86.Build.0 = Debug|Any CPU
		{22BD6942-2378-436F-90BF-B7A22FB9C723}.Release|Any CPU.ActiveCfg = Release|Any CPU
		{22BD6942-2378-436F-90BF-B7A22FB9C723}.Release|Any CPU.Build.0 = Release|Any CPU
		{22BD6942-2378-436F-90BF-B7A22FB9C723}.Release|x64.ActiveCfg = Release|Any CPU
		{22BD6942-2378-436F-90BF-B7A22FB9C723}.Release|x64.Build.0 = Release|Any CPU
		{22BD6942-2378-436F-90BF-B7A22FB9C723}.Release|x86.ActiveCfg = Release|Any CPU
		{22BD6942-2378-436F-90BF-B7A22FB9C723}.Release|x86.Build.0 = Release|Any CPU
		{EE1C9651-A2D0-443C-A28D-3F44B9CA8EEC}.Debug|Any CPU.ActiveCfg = Debug|Any CPU
		{EE1C9651-A2D0-443C-A28D-3F44B9CA8EEC}.Debug|Any CPU.Build.0 = Debug|Any CPU
		{EE1C9651-A2D0-443C-A28D-3F44B9CA8EEC}.Debug|x64.ActiveCfg = Debug|Any CPU
		{EE1C9651-A2D0-443C-A28D-3F44B9CA8EEC}.Debug|x64.Build.0 = Debug|Any CPU
		{EE1C9651-A2D0-443C-A28D-3F44B9CA8EEC}.Debug|x86.ActiveCfg = Debug|Any CPU
		{EE1C9651-A2D0-443C-A28D-3F44B9CA8EEC}.Debug|x86.Build.0 = Debug|Any CPU
		{EE1C9651-A2D0-443C-A28D-3F44B9CA8EEC}.Release|Any CPU.ActiveCfg = Release|Any CPU
		{EE1C9651-A2D0-443C-A28D-3F44B9CA8EEC}.Release|Any CPU.Build.0 = Release|Any CPU
		{EE1C9651-A2D0-443C-A28D-3F44B9CA8EEC}.Release|x64.ActiveCfg = Release|Any CPU
		{EE1C9651-A2D0-443C-A28D-3F44B9CA8EEC}.Release|x64.Build.0 = Release|Any CPU
		{EE1C9651-A2D0-443C-A28D-3F44B9CA8EEC}.Release|x86.ActiveCfg = Release|Any CPU
		{EE1C9651-A2D0-443C-A28D-3F44B9CA8EEC}.Release|x86.Build.0 = Release|Any CPU
		{C7141134-5BBC-4593-875F-E2F826D3CF9C}.Debug|Any CPU.ActiveCfg = Debug|Any CPU
		{C7141134-5BBC-4593-875F-E2F826D3CF9C}.Debug|Any CPU.Build.0 = Debug|Any CPU
		{C7141134-5BBC-4593-875F-E2F826D3CF9C}.Debug|x64.ActiveCfg = Debug|Any CPU
		{C7141134-5BBC-4593-875F-E2F826D3CF9C}.Debug|x64.Build.0 = Debug|Any CPU
		{C7141134-5BBC-4593-875F-E2F826D3CF9C}.Debug|x86.ActiveCfg = Debug|Any CPU
		{C7141134-5BBC-4593-875F-E2F826D3CF9C}.Debug|x86.Build.0 = Debug|Any CPU
		{C7141134-5BBC-4593-875F-E2F826D3CF9C}.Release|Any CPU.ActiveCfg = Release|Any CPU
		{C7141134-5BBC-4593-875F-E2F826D3CF9C}.Release|Any CPU.Build.0 = Release|Any CPU
		{C7141134-5BBC-4593-875F-E2F826D3CF9C}.Release|x64.ActiveCfg = Release|Any CPU
		{C7141134-5BBC-4593-875F-E2F826D3CF9C}.Release|x64.Build.0 = Release|Any CPU
		{C7141134-5BBC-4593-875F-E2F826D3CF9C}.Release|x86.ActiveCfg = Release|Any CPU
		{C7141134-5BBC-4593-875F-E2F826D3CF9C}.Release|x86.Build.0 = Release|Any CPU
		{1E58454A-4D39-4637-8996-8E63968D4EFD}.Debug|Any CPU.ActiveCfg = Debug|Any CPU
		{1E58454A-4D39-4637-8996-8E63968D4EFD}.Debug|Any CPU.Build.0 = Debug|Any CPU
		{1E58454A-4D39-4637-8996-8E63968D4EFD}.Debug|x64.ActiveCfg = Debug|Any CPU
		{1E58454A-4D39-4637-8996-8E63968D4EFD}.Debug|x64.Build.0 = Debug|Any CPU
		{1E58454A-4D39-4637-8996-8E63968D4EFD}.Debug|x86.ActiveCfg = Debug|Any CPU
		{1E58454A-4D39-4637-8996-8E63968D4EFD}.Debug|x86.Build.0 = Debug|Any CPU
		{1E58454A-4D39-4637-8996-8E63968D4EFD}.Release|Any CPU.ActiveCfg = Release|Any CPU
		{1E58454A-4D39-4637-8996-8E63968D4EFD}.Release|Any CPU.Build.0 = Release|Any CPU
		{1E58454A-4D39-4637-8996-8E63968D4EFD}.Release|x64.ActiveCfg = Release|Any CPU
		{1E58454A-4D39-4637-8996-8E63968D4EFD}.Release|x64.Build.0 = Release|Any CPU
		{1E58454A-4D39-4637-8996-8E63968D4EFD}.Release|x86.ActiveCfg = Release|Any CPU
		{1E58454A-4D39-4637-8996-8E63968D4EFD}.Release|x86.Build.0 = Release|Any CPU
	EndGlobalSection
EndGlobal
